// !$*UTF8*$!
{
	archiveVersion = 1;
	classes = {
	};
	objectVersion = 56;
	objects = {

/* Begin PBXBuildFile section */
		F588D0052A91F545009B3CB3 /* AppDelegate.swift in Sources */ = {isa = PBXBuildFile; fileRef = F588D0042A91F545009B3CB3 /* AppDelegate.swift */; };
		F588D0072A91F546009B3CB3 /* SceneDelegate.swift in Sources */ = {isa = PBXBuildFile; fileRef = F588D0062A91F546009B3CB3 /* SceneDelegate.swift */; };
		F588D0092A91F546009B3CB3 /* ViewController.swift in Sources */ = {isa = PBXBuildFile; fileRef = F588D0082A91F546009B3CB3 /* ViewController.swift */; };
		F588D00E2A91F548009B3CB3 /* Assets.xcassets in Resources */ = {isa = PBXBuildFile; fileRef = F588D00D2A91F548009B3CB3 /* Assets.xcassets */; };
		F588D0112A91F548009B3CB3 /* LaunchScreen.storyboard in Resources */ = {isa = PBXBuildFile; fileRef = F588D00F2A91F548009B3CB3 /* LaunchScreen.storyboard */; };
		F588D01E2A92000E009B3CB3 /* TabBarController.swift in Sources */ = {isa = PBXBuildFile; fileRef = F588D01D2A92000E009B3CB3 /* TabBarController.swift */; };
		F588D05B2A93EA3F009B3CB3 /* UIColor+Extension.swift in Sources */ = {isa = PBXBuildFile; fileRef = F588D05A2A93EA3F009B3CB3 /* UIColor+Extension.swift */; };
		F588D05D2A93EAB3009B3CB3 /* Resourсes.swift in Sources */ = {isa = PBXBuildFile; fileRef = F588D05C2A93EAB3009B3CB3 /* Resourсes.swift */; };
/* End PBXBuildFile section */

/* Begin PBXFileReference section */
		F588D0012A91F545009B3CB3 /* WorkoutTracking.app */ = {isa = PBXFileReference; explicitFileType = wrapper.application; includeInIndex = 0; path = WorkoutTracking.app; sourceTree = BUILT_PRODUCTS_DIR; };
		F588D0042A91F545009B3CB3 /* AppDelegate.swift */ = {isa = PBXFileReference; lastKnownFileType = sourcecode.swift; path = AppDelegate.swift; sourceTree = "<group>"; };
		F588D0062A91F546009B3CB3 /* SceneDelegate.swift */ = {isa = PBXFileReference; lastKnownFileType = sourcecode.swift; path = SceneDelegate.swift; sourceTree = "<group>"; };
		F588D0082A91F546009B3CB3 /* ViewController.swift */ = {isa = PBXFileReference; lastKnownFileType = sourcecode.swift; path = ViewController.swift; sourceTree = "<group>"; };
		F588D00D2A91F548009B3CB3 /* Assets.xcassets */ = {isa = PBXFileReference; lastKnownFileType = folder.assetcatalog; path = Assets.xcassets; sourceTree = "<group>"; };
		F588D0102A91F548009B3CB3 /* Base */ = {isa = PBXFileReference; lastKnownFileType = file.storyboard; name = Base; path = Base.lproj/LaunchScreen.storyboard; sourceTree = "<group>"; };
		F588D0122A91F548009B3CB3 /* Info.plist */ = {isa = PBXFileReference; lastKnownFileType = text.plist.xml; path = Info.plist; sourceTree = "<group>"; };
		F588D01D2A92000E009B3CB3 /* TabBarController.swift */ = {isa = PBXFileReference; lastKnownFileType = sourcecode.swift; path = TabBarController.swift; sourceTree = "<group>"; };
		F588D05A2A93EA3F009B3CB3 /* UIColor+Extension.swift */ = {isa = PBXFileReference; lastKnownFileType = sourcecode.swift; path = "UIColor+Extension.swift"; sourceTree = "<group>"; };
		F588D05C2A93EAB3009B3CB3 /* Resourсes.swift */ = {isa = PBXFileReference; lastKnownFileType = sourcecode.swift; path = "Resourсes.swift"; sourceTree = "<group>"; };
/* End PBXFileReference section */

/* Begin PBXFrameworksBuildPhase section */
		F588CFFE2A91F545009B3CB3 /* Frameworks */ = {
			isa = PBXFrameworksBuildPhase;
			buildActionMask = 2147483647;
			files = (
			);
			runOnlyForDeploymentPostprocessing = 0;
		};
/* End PBXFrameworksBuildPhase section */

/* Begin PBXGroup section */
		F588CFF82A91F545009B3CB3 = {
			isa = PBXGroup;
			children = (
				F588D0032A91F545009B3CB3 /* WorkoutTracking */,
				F588D0022A91F545009B3CB3 /* Products */,
			);
			sourceTree = "<group>";
		};
		F588D0022A91F545009B3CB3 /* Products */ = {
			isa = PBXGroup;
			children = (
				F588D0012A91F545009B3CB3 /* WorkoutTracking.app */,
			);
			name = Products;
			sourceTree = "<group>";
		};
		F588D0032A91F545009B3CB3 /* WorkoutTracking */ = {
			isa = PBXGroup;
			children = (
				F588D0592A93E9F1009B3CB3 /* Extension */,
				F588D0182A91F77B009B3CB3 /* App */,
				F588D01B2A91F800009B3CB3 /* Viewcontrollers */,
				F588D01A2A91F7EC009B3CB3 /* Resourses */,
				F588D01C2A91F82D009B3CB3 /* Storyboards */,
			);
			path = WorkoutTracking;
			sourceTree = "<group>";
		};
		F588D0182A91F77B009B3CB3 /* App */ = {
			isa = PBXGroup;
			children = (
				F588D0042A91F545009B3CB3 /* AppDelegate.swift */,
				F588D0062A91F546009B3CB3 /* SceneDelegate.swift */,
				F588D0122A91F548009B3CB3 /* Info.plist */,
			);
			path = App;
			sourceTree = "<group>";
		};
		F588D01A2A91F7EC009B3CB3 /* Resourses */ = {
			isa = PBXGroup;
			children = (
				F588D00D2A91F548009B3CB3 /* Assets.xcassets */,
			);
			path = Resourses;
			sourceTree = "<group>";
		};
		F588D01B2A91F800009B3CB3 /* Viewcontrollers */ = {
			isa = PBXGroup;
			children = (
				F588D0082A91F546009B3CB3 /* ViewController.swift */,
				F588D01D2A92000E009B3CB3 /* TabBarController.swift */,
			);
			path = Viewcontrollers;
			sourceTree = "<group>";
		};
		F588D01C2A91F82D009B3CB3 /* Storyboards */ = {
			isa = PBXGroup;
			children = (
				F588D00F2A91F548009B3CB3 /* LaunchScreen.storyboard */,
			);
			path = Storyboards;
			sourceTree = "<group>";
		};
		F588D0592A93E9F1009B3CB3 /* Extension */ = {
			isa = PBXGroup;
			children = (
				F588D05A2A93EA3F009B3CB3 /* UIColor+Extension.swift */,
				F588D05C2A93EAB3009B3CB3 /* Resourсes.swift */,
			);
			path = Extension;
			sourceTree = "<group>";
		};
/* End PBXGroup section */

/* Begin PBXNativeTarget section */
		F588D0002A91F545009B3CB3 /* WorkoutTracking */ = {
			isa = PBXNativeTarget;
			buildConfigurationList = F588D0152A91F548009B3CB3 /* Build configuration list for PBXNativeTarget "WorkoutTracking" */;
			buildPhases = (
				F588CFFD2A91F545009B3CB3 /* Sources */,
				F588CFFE2A91F545009B3CB3 /* Frameworks */,
				F588CFFF2A91F545009B3CB3 /* Resources */,
			);
			buildRules = (
			);
			dependencies = (
			);
			name = WorkoutTracking;
			productName = WorkoutTracking;
			productReference = F588D0012A91F545009B3CB3 /* WorkoutTracking.app */;
			productType = "com.apple.product-type.application";
		};
/* End PBXNativeTarget section */

/* Begin PBXProject section */
		F588CFF92A91F545009B3CB3 /* Project object */ = {
			isa = PBXProject;
			attributes = {
				BuildIndependentTargetsInParallel = 1;
				LastSwiftUpdateCheck = 1430;
				LastUpgradeCheck = 1430;
				TargetAttributes = {
					F588D0002A91F545009B3CB3 = {
						CreatedOnToolsVersion = 14.3;
					};
				};
			};
			buildConfigurationList = F588CFFC2A91F545009B3CB3 /* Build configuration list for PBXProject "WorkoutTracking" */;
			compatibilityVersion = "Xcode 14.0";
			developmentRegion = en;
			hasScannedForEncodings = 0;
			knownRegions = (
				en,
				Base,
			);
			mainGroup = F588CFF82A91F545009B3CB3;
			productRefGroup = F588D0022A91F545009B3CB3 /* Products */;
			projectDirPath = "";
			projectRoot = "";
			targets = (
				F588D0002A91F545009B3CB3 /* WorkoutTracking */,
			);
		};
/* End PBXProject section */

/* Begin PBXResourcesBuildPhase section */
		F588CFFF2A91F545009B3CB3 /* Resources */ = {
			isa = PBXResourcesBuildPhase;
			buildActionMask = 2147483647;
			files = (
				F588D0112A91F548009B3CB3 /* LaunchScreen.storyboard in Resources */,
				F588D00E2A91F548009B3CB3 /* Assets.xcassets in Resources */,
			);
			runOnlyForDeploymentPostprocessing = 0;
		};
/* End PBXResourcesBuildPhase section */

/* Begin PBXSourcesBuildPhase section */
		F588CFFD2A91F545009B3CB3 /* Sources */ = {
			isa = PBXSourcesBuildPhase;
			buildActionMask = 2147483647;
			files = (
				F588D0092A91F546009B3CB3 /* ViewController.swift in Sources */,
				F588D01E2A92000E009B3CB3 /* TabBarController.swift in Sources */,
				F588D0052A91F545009B3CB3 /* AppDelegate.swift in Sources */,
				F588D05D2A93EAB3009B3CB3 /* Resourсes.swift in Sources */,
				F588D0072A91F546009B3CB3 /* SceneDelegate.swift in Sources */,
				F588D05B2A93EA3F009B3CB3 /* UIColor+Extension.swift in Sources */,
			);
			runOnlyForDeploymentPostprocessing = 0;
		};
/* End PBXSourcesBuildPhase section */

/* Begin PBXVariantGroup section */
		F588D00F2A91F548009B3CB3 /* LaunchScreen.storyboard */ = {
			isa = PBXVariantGroup;
			children = (
				F588D0102A91F548009B3CB3 /* Base */,
			);
			name = LaunchScreen.storyboard;
			sourceTree = "<group>";
		};
/* End PBXVariantGroup section */

/* Begin XCBuildConfiguration section */
		F588D0132A91F548009B3CB3 /* Debug */ = {
			isa = XCBuildConfiguration;
			buildSettings = {
				ALWAYS_SEARCH_USER_PATHS = NO;
				CLANG_ANALYZER_NONNULL = YES;
				CLANG_ANALYZER_NUMBER_OBJECT_CONVERSION = YES_AGGRESSIVE;
				CLANG_CXX_LANGUAGE_STANDARD = "gnu++20";
				CLANG_ENABLE_MODULES = YES;
				CLANG_ENABLE_OBJC_ARC = YES;
				CLANG_ENABLE_OBJC_WEAK = YES;
				CLANG_WARN_BLOCK_CAPTURE_AUTORELEASING = YES;
				CLANG_WARN_BOOL_CONVERSION = YES;
				CLANG_WARN_COMMA = YES;
				CLANG_WARN_CONSTANT_CONVERSION = YES;
				CLANG_WARN_DEPRECATED_OBJC_IMPLEMENTATIONS = YES;
				CLANG_WARN_DIRECT_OBJC_ISA_USAGE = YES_ERROR;
				CLANG_WARN_DOCUMENTATION_COMMENTS = YES;
				CLANG_WARN_EMPTY_BODY = YES;
				CLANG_WARN_ENUM_CONVERSION = YES;
				CLANG_WARN_INFINITE_RECURSION = YES;
				CLANG_WARN_INT_CONVERSION = YES;
				CLANG_WARN_NON_LITERAL_NULL_CONVERSION = YES;
				CLANG_WARN_OBJC_IMPLICIT_RETAIN_SELF = YES;
				CLANG_WARN_OBJC_LITERAL_CONVERSION = YES;
				CLANG_WARN_OBJC_ROOT_CLASS = YES_ERROR;
				CLANG_WARN_QUOTED_INCLUDE_IN_FRAMEWORK_HEADER = YES;
				CLANG_WARN_RANGE_LOOP_ANALYSIS = YES;
				CLANG_WARN_STRICT_PROTOTYPES = YES;
				CLANG_WARN_SUSPICIOUS_MOVE = YES;
				CLANG_WARN_UNGUARDED_AVAILABILITY = YES_AGGRESSIVE;
				CLANG_WARN_UNREACHABLE_CODE = YES;
				CLANG_WARN__DUPLICATE_METHOD_MATCH = YES;
				COPY_PHASE_STRIP = NO;
				DEBUG_INFORMATION_FORMAT = dwarf;
				ENABLE_STRICT_OBJC_MSGSEND = YES;
				ENABLE_TESTABILITY = YES;
				GCC_C_LANGUAGE_STANDARD = gnu11;
				GCC_DYNAMIC_NO_PIC = NO;
				GCC_NO_COMMON_BLOCKS = YES;
				GCC_OPTIMIZATION_LEVEL = 0;
				GCC_PREPROCESSOR_DEFINITIONS = (
					"DEBUG=1",
					"$(inherited)",
				);
				GCC_WARN_64_TO_32_BIT_CONVERSION = YES;
				GCC_WARN_ABOUT_RETURN_TYPE = YES_ERROR;
				GCC_WARN_UNDECLARED_SELECTOR = YES;
				GCC_WARN_UNINITIALIZED_AUTOS = YES_AGGRESSIVE;
				GCC_WARN_UNUSED_FUNCTION = YES;
				GCC_WARN_UNUSED_VARIABLE = YES;
				IPHONEOS_DEPLOYMENT_TARGET = 16.4;
				MTL_ENABLE_DEBUG_INFO = INCLUDE_SOURCE;
				MTL_FAST_MATH = YES;
				ONLY_ACTIVE_ARCH = YES;
				SDKROOT = iphoneos;
				SWIFT_ACTIVE_COMPILATION_CONDITIONS = DEBUG;
				SWIFT_OPTIMIZATION_LEVEL = "-Onone";
			};
			name = Debug;
		};
		F588D0142A91F548009B3CB3 /* Release */ = {
			isa = XCBuildConfiguration;
			buildSettings = {
				ALWAYS_SEARCH_USER_PATHS = NO;
				CLANG_ANALYZER_NONNULL = YES;
				CLANG_ANALYZER_NUMBER_OBJECT_CONVERSION = YES_AGGRESSIVE;
				CLANG_CXX_LANGUAGE_STANDARD = "gnu++20";
				CLANG_ENABLE_MODULES = YES;
				CLANG_ENABLE_OBJC_ARC = YES;
				CLANG_ENABLE_OBJC_WEAK = YES;
				CLANG_WARN_BLOCK_CAPTURE_AUTORELEASING = YES;
				CLANG_WARN_BOOL_CONVERSION = YES;
				CLANG_WARN_COMMA = YES;
				CLANG_WARN_CONSTANT_CONVERSION = YES;
				CLANG_WARN_DEPRECATED_OBJC_IMPLEMENTATIONS = YES;
				CLANG_WARN_DIRECT_OBJC_ISA_USAGE = YES_ERROR;
				CLANG_WARN_DOCUMENTATION_COMMENTS = YES;
				CLANG_WARN_EMPTY_BODY = YES;
				CLANG_WARN_ENUM_CONVERSION = YES;
				CLANG_WARN_INFINITE_RECURSION = YES;
				CLANG_WARN_INT_CONVERSION = YES;
				CLANG_WARN_NON_LITERAL_NULL_CONVERSION = YES;
				CLANG_WARN_OBJC_IMPLICIT_RETAIN_SELF = YES;
				CLANG_WARN_OBJC_LITERAL_CONVERSION = YES;
				CLANG_WARN_OBJC_ROOT_CLASS = YES_ERROR;
				CLANG_WARN_QUOTED_INCLUDE_IN_FRAMEWORK_HEADER = YES;
				CLANG_WARN_RANGE_LOOP_ANALYSIS = YES;
				CLANG_WARN_STRICT_PROTOTYPES = YES;
				CLANG_WARN_SUSPICIOUS_MOVE = YES;
				CLANG_WARN_UNGUARDED_AVAILABILITY = YES_AGGRESSIVE;
				CLANG_WARN_UNREACHABLE_CODE = YES;
				CLANG_WARN__DUPLICATE_METHOD_MATCH = YES;
				COPY_PHASE_STRIP = NO;
				DEBUG_INFORMATION_FORMAT = "dwarf-with-dsym";
				ENABLE_NS_ASSERTIONS = NO;
				ENABLE_STRICT_OBJC_MSGSEND = YES;
				GCC_C_LANGUAGE_STANDARD = gnu11;
				GCC_NO_COMMON_BLOCKS = YES;
				GCC_WARN_64_TO_32_BIT_CONVERSION = YES;
				GCC_WARN_ABOUT_RETURN_TYPE = YES_ERROR;
				GCC_WARN_UNDECLARED_SELECTOR = YES;
				GCC_WARN_UNINITIALIZED_AUTOS = YES_AGGRESSIVE;
				GCC_WARN_UNUSED_FUNCTION = YES;
				GCC_WARN_UNUSED_VARIABLE = YES;
				IPHONEOS_DEPLOYMENT_TARGET = 16.4;
				MTL_ENABLE_DEBUG_INFO = NO;
				MTL_FAST_MATH = YES;
				SDKROOT = iphoneos;
				SWIFT_COMPILATION_MODE = wholemodule;
				SWIFT_OPTIMIZATION_LEVEL = "-O";
				VALIDATE_PRODUCT = YES;
			};
			name = Release;
		};
		F588D0162A91F548009B3CB3 /* Debug */ = {
			isa = XCBuildConfiguration;
			buildSettings = {
				ASSETCATALOG_COMPILER_APPICON_NAME = AppIcon;
				ASSETCATALOG_COMPILER_GLOBAL_ACCENT_COLOR_NAME = AccentColor;
				CODE_SIGN_STYLE = Automatic;
				CURRENT_PROJECT_VERSION = 1;
				DEVELOPMENT_TEAM = XKWG4AGNW6;
				GENERATE_INFOPLIST_FILE = YES;
				INFOPLIST_FILE = WorkoutTracking/App/Info.plist;
				INFOPLIST_KEY_UIApplicationSupportsIndirectInputEvents = YES;
				INFOPLIST_KEY_UILaunchStoryboardName = LaunchScreen;
				INFOPLIST_KEY_UIStatusBarStyle = "";
				INFOPLIST_KEY_UISupportedInterfaceOrientations = UIInterfaceOrientationPortrait;
				LD_RUNPATH_SEARCH_PATHS = (
					"$(inherited)",
					"@executable_path/Frameworks",
				);
				MARKETING_VERSION = 1.0;
				PRODUCT_BUNDLE_IDENTIFIER = com.col.WorkoutTracking;
				PRODUCT_NAME = "$(TARGET_NAME)";
				SUPPORTED_PLATFORMS = "iphoneos iphonesimulator";
				SUPPORTS_MACCATALYST = NO;
				SUPPORTS_MAC_DESIGNED_FOR_IPHONE_IPAD = NO;
				SWIFT_EMIT_LOC_STRINGS = YES;
				SWIFT_VERSION = 5.0;
				TARGETED_DEVICE_FAMILY = 1;
			};
			name = Debug;
		};
		F588D0172A91F548009B3CB3 /* Release */ = {
			isa = XCBuildConfiguration;
			buildSettings = {
				ASSETCATALOG_COMPILER_APPICON_NAME = AppIcon;
				ASSETCATALOG_COMPILER_GLOBAL_ACCENT_COLOR_NAME = AccentColor;
				CODE_SIGN_STYLE = Automatic;
				CURRENT_PROJECT_VERSION = 1;
				DEVELOPMENT_TEAM = XKWG4AGNW6;
				GENERATE_INFOPLIST_FILE = YES;
				INFOPLIST_FILE = WorkoutTracking/App/Info.plist;
				INFOPLIST_KEY_UIApplicationSupportsIndirectInputEvents = YES;
				INFOPLIST_KEY_UILaunchStoryboardName = LaunchScreen;
				INFOPLIST_KEY_UIStatusBarStyle = "";
				INFOPLIST_KEY_UISupportedInterfaceOrientations = UIInterfaceOrientationPortrait;
				LD_RUNPATH_SEARCH_PATHS = (
					"$(inherited)",
					"@executable_path/Frameworks",
				);
				MARKETING_VERSION = 1.0;
				PRODUCT_BUNDLE_IDENTIFIER = com.col.WorkoutTracking;
				PRODUCT_NAME = "$(TARGET_NAME)";
				SUPPORTED_PLATFORMS = "iphoneos iphonesimulator";
				SUPPORTS_MACCATALYST = NO;
				SUPPORTS_MAC_DESIGNED_FOR_IPHONE_IPAD = NO;
				SWIFT_EMIT_LOC_STRINGS = YES;
				SWIFT_VERSION = 5.0;
				TARGETED_DEVICE_FAMILY = 1;
			};
			name = Release;
		};
/* End XCBuildConfiguration section */

/* Begin XCConfigurationList section */
		F588CFFC2A91F545009B3CB3 /* Build configuration list for PBXProject "WorkoutTracking" */ = {
			isa = XCConfigurationList;
			buildConfigurations = (
				F588D0132A91F548009B3CB3 /* Debug */,
				F588D0142A91F548009B3CB3 /* Release */,
			);
			defaultConfigurationIsVisible = 0;
			defaultConfigurationName = Release;
		};
		F588D0152A91F548009B3CB3 /* Build configuration list for PBXNativeTarget "WorkoutTracking" */ = {
			isa = XCConfigurationList;
			buildConfigurations = (
				F588D0162A91F548009B3CB3 /* Debug */,
				F588D0172A91F548009B3CB3 /* Release */,
			);
			defaultConfigurationIsVisible = 0;
			defaultConfigurationName = Release;
		};
/* End XCConfigurationList section */
	};
	rootObject = F588CFF92A91F545009B3CB3 /* Project object */;
}
